{
  "originHash" : "cdda3feebc693662e3a56b476b08112d96abbe32d1f1c1821c192892798768db",
  "pins" : [
    {
      "identity" : "brick_swiftui",
      "kind" : "remoteSourceControl",
      "location" : "https://github.com/zjinhu/Brick_SwiftUI.git",
      "state" : {
        "revision" : "0ac760661616dd74f75053b9adf007119370ad09",
        "version" : "0.7.3"
      }
    },
    {
      "identity" : "jxsegmentedview",
      "kind" : "remoteSourceControl",
      "location" : "https://github.com/pujiaxin33/JXSegmentedView.git",
      "state" : {
        "revision" : "0e2f4407f3072f69c9d0157f08ba6f98713bd764",
        "version" : "1.3.3"
      }
    }
  ],
  "version" : 3
}
