// !$*UTF8*$!
{
	archiveVersion = 1;
	classes = {
	};
	objectVersion = 60;
	objects = {

/* Begin PBXBuildFile section */
		8C1D79DA2BFCADF20018AB58 /* PhotoPickerKit in Frameworks */ = {isa = PBXBuildFile; productRef = 8C1D79D92BFCADF20018AB58 /* PhotoPickerKit */; };
		8C66E67E2BFF2CA300C828A2 /* QLThumbnailView.swift in Sources */ = {isa = PBXBuildFile; fileRef = 8C66E6792BFF2CA300C828A2 /* QLThumbnailView.swift */; };
		8C66E67F2BFF2CA300C828A2 /* QLivePhotoView.swift in Sources */ = {isa = PBXBuildFile; fileRef = 8C66E67A2BFF2CA300C828A2 /* QLivePhotoView.swift */; };
		8C66E6802BFF2CA300C828A2 /* QLGifView.swift in Sources */ = {isa = PBXBuildFile; fileRef = 8C66E67B2BFF2CA300C828A2 /* QLGifView.swift */; };
		8C66E6812BFF2CA300C828A2 /* QLVideoView.swift in Sources */ = {isa = PBXBuildFile; fileRef = 8C66E67C2BFF2CA300C828A2 /* QLVideoView.swift */; };
		8C66E6822BFF2CA300C828A2 /* QLImageView.swift in Sources */ = {isa = PBXBuildFile; fileRef = 8C66E67D2BFF2CA300C828A2 /* QLImageView.swift */; };
		8C977C562BECB8A700EAD700 /* PhotoPickerDemoApp.swift in Sources */ = {isa = PBXBuildFile; fileRef = 8C977C552BECB8A700EAD700 /* PhotoPickerDemoApp.swift */; };
		8C977C582BECB8A700EAD700 /* ContentView.swift in Sources */ = {isa = PBXBuildFile; fileRef = 8C977C572BECB8A700EAD700 /* ContentView.swift */; };
		8C977C5A2BECB8A800EAD700 /* Assets.xcassets in Resources */ = {isa = PBXBuildFile; fileRef = 8C977C592BECB8A800EAD700 /* Assets.xcassets */; };
		8C977C5D2BECB8A800EAD700 /* Preview Assets.xcassets in Resources */ = {isa = PBXBuildFile; fileRef = 8C977C5C2BECB8A800EAD700 /* Preview Assets.xcassets */; };
/* End PBXBuildFile section */

/* Begin PBXFileReference section */
		8C66E6792BFF2CA300C828A2 /* QLThumbnailView.swift */ = {isa = PBXFileReference; fileEncoding = 4; lastKnownFileType = sourcecode.swift; path = QLThumbnailView.swift; sourceTree = "<group>"; };
		8C66E67A2BFF2CA300C828A2 /* QLivePhotoView.swift */ = {isa = PBXFileReference; fileEncoding = 4; lastKnownFileType = sourcecode.swift; path = QLivePhotoView.swift; sourceTree = "<group>"; };
		8C66E67B2BFF2CA300C828A2 /* QLGifView.swift */ = {isa = PBXFileReference; fileEncoding = 4; lastKnownFileType = sourcecode.swift; path = QLGifView.swift; sourceTree = "<group>"; };
		8C66E67C2BFF2CA300C828A2 /* QLVideoView.swift */ = {isa = PBXFileReference; fileEncoding = 4; lastKnownFileType = sourcecode.swift; path = QLVideoView.swift; sourceTree = "<group>"; };
		8C66E67D2BFF2CA300C828A2 /* QLImageView.swift */ = {isa = PBXFileReference; fileEncoding = 4; lastKnownFileType = sourcecode.swift; path = QLImageView.swift; sourceTree = "<group>"; };
		8C977C522BECB8A700EAD700 /* PhotoPickerDemo.app */ = {isa = PBXFileReference; explicitFileType = wrapper.application; includeInIndex = 0; path = PhotoPickerDemo.app; sourceTree = BUILT_PRODUCTS_DIR; };
		8C977C552BECB8A700EAD700 /* PhotoPickerDemoApp.swift */ = {isa = PBXFileReference; lastKnownFileType = sourcecode.swift; path = PhotoPickerDemoApp.swift; sourceTree = "<group>"; };
		8C977C572BECB8A700EAD700 /* ContentView.swift */ = {isa = PBXFileReference; lastKnownFileType = sourcecode.swift; path = ContentView.swift; sourceTree = "<group>"; };
		8C977C592BECB8A800EAD700 /* Assets.xcassets */ = {isa = PBXFileReference; lastKnownFileType = folder.assetcatalog; path = Assets.xcassets; sourceTree = "<group>"; };
		8C977C5C2BECB8A800EAD700 /* Preview Assets.xcassets */ = {isa = PBXFileReference; lastKnownFileType = folder.assetcatalog; path = "Preview Assets.xcassets"; sourceTree = "<group>"; };
		8CBE8E9E2BF72D3B00AD8F96 /* Info.plist */ = {isa = PBXFileReference; lastKnownFileType = text.plist; path = Info.plist; sourceTree = "<group>"; };
/* End PBXFileReference section */

/* Begin PBXFrameworksBuildPhase section */
		8C977C4F2BECB8A700EAD700 /* Frameworks */ = {
			isa = PBXFrameworksBuildPhase;
			buildActionMask = 2147483647;
			files = (
				8C1D79DA2BFCADF20018AB58 /* PhotoPickerKit in Frameworks */,
			);
			runOnlyForDeploymentPostprocessing = 0;
		};
/* End PBXFrameworksBuildPhase section */

/* Begin PBXGroup section */
		8C977C492BECB8A700EAD700 = {
			isa = PBXGroup;
			children = (
				8C977C542BECB8A700EAD700 /* PhotoPickerDemo */,
				8C977C532BECB8A700EAD700 /* Products */,
				8C977C642BECB8EC00EAD700 /* Frameworks */,
			);
			sourceTree = "<group>";
		};
		8C977C532BECB8A700EAD700 /* Products */ = {
			isa = PBXGroup;
			children = (
				8C977C522BECB8A700EAD700 /* PhotoPickerDemo.app */,
			);
			name = Products;
			sourceTree = "<group>";
		};
		8C977C542BECB8A700EAD700 /* PhotoPickerDemo */ = {
			isa = PBXGroup;
			children = (
				8CBE8E9E2BF72D3B00AD8F96 /* Info.plist */,
				8C977C552BECB8A700EAD700 /* PhotoPickerDemoApp.swift */,
				8CF323EB2C0EEB35006B2539 /* Demo */,
				8C977C572BECB8A700EAD700 /* ContentView.swift */,
				8C977C592BECB8A800EAD700 /* Assets.xcassets */,
				8C977C5B2BECB8A800EAD700 /* Preview Content */,
			);
			path = PhotoPickerDemo;
			sourceTree = "<group>";
		};
		8C977C5B2BECB8A800EAD700 /* Preview Content */ = {
			isa = PBXGroup;
			children = (
				8C977C5C2BECB8A800EAD700 /* Preview Assets.xcassets */,
			);
			path = "Preview Content";
			sourceTree = "<group>";
		};
		8C977C642BECB8EC00EAD700 /* Frameworks */ = {
			isa = PBXGroup;
			children = (
			);
			name = Frameworks;
			sourceTree = "<group>";
		};
		8CF323EB2C0EEB35006B2539 /* Demo */ = {
			isa = PBXGroup;
			children = (
				8C66E67B2BFF2CA300C828A2 /* QLGifView.swift */,
				8C66E67D2BFF2CA300C828A2 /* QLImageView.swift */,
				8C66E67A2BFF2CA300C828A2 /* QLivePhotoView.swift */,
				8C66E6792BFF2CA300C828A2 /* QLThumbnailView.swift */,
				8C66E67C2BFF2CA300C828A2 /* QLVideoView.swift */,
			);
			path = Demo;
			sourceTree = "<group>";
		};
/* End PBXGroup section */

/* Begin PBXNativeTarget section */
		8C977C512BECB8A700EAD700 /* PhotoPickerDemo */ = {
			isa = PBXNativeTarget;
			buildConfigurationList = 8C977C602BECB8A800EAD700 /* Build configuration list for PBXNativeTarget "PhotoPickerDemo" */;
			buildPhases = (
				8C977C4E2BECB8A700EAD700 /* Sources */,
				8C977C4F2BECB8A700EAD700 /* Frameworks */,
				8C977C502BECB8A700EAD700 /* Resources */,
			);
			buildRules = (
			);
			dependencies = (
			);
			name = PhotoPickerDemo;
			packageProductDependencies = (
				8C1D79D92BFCADF20018AB58 /* PhotoPickerKit */,
			);
			productName = PhotoPickerDemo;
			productReference = 8C977C522BECB8A700EAD700 /* PhotoPickerDemo.app */;
			productType = "com.apple.product-type.application";
		};
/* End PBXNativeTarget section */

/* Begin PBXProject section */
		8C977C4A2BECB8A700EAD700 /* Project object */ = {
			isa = PBXProject;
			attributes = {
				BuildIndependentTargetsInParallel = 1;
				LastSwiftUpdateCheck = 1530;
				LastUpgradeCheck = 1530;
				TargetAttributes = {
					8C977C512BECB8A700EAD700 = {
						CreatedOnToolsVersion = 15.3;
					};
				};
			};
			buildConfigurationList = 8C977C4D2BECB8A700EAD700 /* Build configuration list for PBXProject "PhotoPickerDemo" */;
			compatibilityVersion = "Xcode 14.0";
			developmentRegion = en;
			hasScannedForEncodings = 0;
			knownRegions = (
				en,
				Base,
			);
			mainGroup = 8C977C492BECB8A700EAD700;
			packageReferences = (
				8CBE8EA62BF7427300AD8F96 /* XCLocalSwiftPackageReference "../../../photopickerkit" */,
			);
			productRefGroup = 8C977C532BECB8A700EAD700 /* Products */;
			projectDirPath = "";
			projectRoot = "";
			targets = (
				8C977C512BECB8A700EAD700 /* PhotoPickerDemo */,
			);
		};
/* End PBXProject section */

/* Begin PBXResourcesBuildPhase section */
		8C977C502BECB8A700EAD700 /* Resources */ = {
			isa = PBXResourcesBuildPhase;
			buildActionMask = 2147483647;
			files = (
				8C977C5D2BECB8A800EAD700 /* Preview Assets.xcassets in Resources */,
				8C977C5A2BECB8A800EAD700 /* Assets.xcassets in Resources */,
			);
			runOnlyForDeploymentPostprocessing = 0;
		};
/* End PBXResourcesBuildPhase section */

/* Begin PBXSourcesBuildPhase section */
		8C977C4E2BECB8A700EAD700 /* Sources */ = {
			isa = PBXSourcesBuildPhase;
			buildActionMask = 2147483647;
			files = (
				8C977C582BECB8A700EAD700 /* ContentView.swift in Sources */,
				8C66E67F2BFF2CA300C828A2 /* QLivePhotoView.swift in Sources */,
				8C66E6802BFF2CA300C828A2 /* QLGifView.swift in Sources */,
				8C66E67E2BFF2CA300C828A2 /* QLThumbnailView.swift in Sources */,
				8C977C562BECB8A700EAD700 /* PhotoPickerDemoApp.swift in Sources */,
				8C66E6812BFF2CA300C828A2 /* QLVideoView.swift in Sources */,
				8C66E6822BFF2CA300C828A2 /* QLImageView.swift in Sources */,
			);
			runOnlyForDeploymentPostprocessing = 0;
		};
/* End PBXSourcesBuildPhase section */

/* Begin XCBuildConfiguration section */
		8C977C5E2BECB8A800EAD700 /* Debug */ = {
			isa = XCBuildConfiguration;
			buildSettings = {
				ALWAYS_SEARCH_USER_PATHS = NO;
				ASSETCATALOG_COMPILER_GENERATE_SWIFT_ASSET_SYMBOL_EXTENSIONS = YES;
				CLANG_ANALYZER_NONNULL = YES;
				CLANG_ANALYZER_NUMBER_OBJECT_CONVERSION = YES_AGGRESSIVE;
				CLANG_CXX_LANGUAGE_STANDARD = "gnu++20";
				CLANG_ENABLE_MODULES = YES;
				CLANG_ENABLE_OBJC_ARC = YES;
				CLANG_ENABLE_OBJC_WEAK = YES;
				CLANG_WARN_BLOCK_CAPTURE_AUTORELEASING = YES;
				CLANG_WARN_BOOL_CONVERSION = YES;
				CLANG_WARN_COMMA = YES;
				CLANG_WARN_CONSTANT_CONVERSION = YES;
				CLANG_WARN_DEPRECATED_OBJC_IMPLEMENTATIONS = YES;
				CLANG_WARN_DIRECT_OBJC_ISA_USAGE = YES_ERROR;
				CLANG_WARN_DOCUMENTATION_COMMENTS = YES;
				CLANG_WARN_EMPTY_BODY = YES;
				CLANG_WARN_ENUM_CONVERSION = YES;
				CLANG_WARN_INFINITE_RECURSION = YES;
				CLANG_WARN_INT_CONVERSION = YES;
				CLANG_WARN_NON_LITERAL_NULL_CONVERSION = YES;
				CLANG_WARN_OBJC_IMPLICIT_RETAIN_SELF = YES;
				CLANG_WARN_OBJC_LITERAL_CONVERSION = YES;
				CLANG_WARN_OBJC_ROOT_CLASS = YES_ERROR;
				CLANG_WARN_QUOTED_INCLUDE_IN_FRAMEWORK_HEADER = YES;
				CLANG_WARN_RANGE_LOOP_ANALYSIS = YES;
				CLANG_WARN_STRICT_PROTOTYPES = YES;
				CLANG_WARN_SUSPICIOUS_MOVE = YES;
				CLANG_WARN_UNGUARDED_AVAILABILITY = YES_AGGRESSIVE;
				CLANG_WARN_UNREACHABLE_CODE = YES;
				CLANG_WARN__DUPLICATE_METHOD_MATCH = YES;
				COPY_PHASE_STRIP = NO;
				DEBUG_INFORMATION_FORMAT = dwarf;
				ENABLE_STRICT_OBJC_MSGSEND = YES;
				ENABLE_TESTABILITY = YES;
				ENABLE_USER_SCRIPT_SANDBOXING = YES;
				GCC_C_LANGUAGE_STANDARD = gnu17;
				GCC_DYNAMIC_NO_PIC = NO;
				GCC_NO_COMMON_BLOCKS = YES;
				GCC_OPTIMIZATION_LEVEL = 0;
				GCC_PREPROCESSOR_DEFINITIONS = (
					"DEBUG=1",
					"$(inherited)",
				);
				GCC_WARN_64_TO_32_BIT_CONVERSION = YES;
				GCC_WARN_ABOUT_RETURN_TYPE = YES_ERROR;
				GCC_WARN_UNDECLARED_SELECTOR = YES;
				GCC_WARN_UNINITIALIZED_AUTOS = YES_AGGRESSIVE;
				GCC_WARN_UNUSED_FUNCTION = YES;
				GCC_WARN_UNUSED_VARIABLE = YES;
				IPHONEOS_DEPLOYMENT_TARGET = 14.0;
				LOCALIZATION_PREFERS_STRING_CATALOGS = YES;
				MTL_ENABLE_DEBUG_INFO = INCLUDE_SOURCE;
				MTL_FAST_MATH = YES;
				ONLY_ACTIVE_ARCH = YES;
				SDKROOT = iphoneos;
				SWIFT_ACTIVE_COMPILATION_CONDITIONS = "DEBUG $(inherited)";
				SWIFT_OPTIMIZATION_LEVEL = "-Onone";
			};
			name = Debug;
		};
		8C977C5F2BECB8A800EAD700 /* Release */ = {
			isa = XCBuildConfiguration;
			buildSettings = {
				ALWAYS_SEARCH_USER_PATHS = NO;
				ASSETCATALOG_COMPILER_GENERATE_SWIFT_ASSET_SYMBOL_EXTENSIONS = YES;
				CLANG_ANALYZER_NONNULL = YES;
				CLANG_ANALYZER_NUMBER_OBJECT_CONVERSION = YES_AGGRESSIVE;
				CLANG_CXX_LANGUAGE_STANDARD = "gnu++20";
				CLANG_ENABLE_MODULES = YES;
				CLANG_ENABLE_OBJC_ARC = YES;
				CLANG_ENABLE_OBJC_WEAK = YES;
				CLANG_WARN_BLOCK_CAPTURE_AUTORELEASING = YES;
				CLANG_WARN_BOOL_CONVERSION = YES;
				CLANG_WARN_COMMA = YES;
				CLANG_WARN_CONSTANT_CONVERSION = YES;
				CLANG_WARN_DEPRECATED_OBJC_IMPLEMENTATIONS = YES;
				CLANG_WARN_DIRECT_OBJC_ISA_USAGE = YES_ERROR;
				CLANG_WARN_DOCUMENTATION_COMMENTS = YES;
				CLANG_WARN_EMPTY_BODY = YES;
				CLANG_WARN_ENUM_CONVERSION = YES;
				CLANG_WARN_INFINITE_RECURSION = YES;
				CLANG_WARN_INT_CONVERSION = YES;
				CLANG_WARN_NON_LITERAL_NULL_CONVERSION = YES;
				CLANG_WARN_OBJC_IMPLICIT_RETAIN_SELF = YES;
				CLANG_WARN_OBJC_LITERAL_CONVERSION = YES;
				CLANG_WARN_OBJC_ROOT_CLASS = YES_ERROR;
				CLANG_WARN_QUOTED_INCLUDE_IN_FRAMEWORK_HEADER = YES;
				CLANG_WARN_RANGE_LOOP_ANALYSIS = YES;
				CLANG_WARN_STRICT_PROTOTYPES = YES;
				CLANG_WARN_SUSPICIOUS_MOVE = YES;
				CLANG_WARN_UNGUARDED_AVAILABILITY = YES_AGGRESSIVE;
				CLANG_WARN_UNREACHABLE_CODE = YES;
				CLANG_WARN__DUPLICATE_METHOD_MATCH = YES;
				COPY_PHASE_STRIP = NO;
				DEBUG_INFORMATION_FORMAT = "dwarf-with-dsym";
				ENABLE_NS_ASSERTIONS = NO;
				ENABLE_STRICT_OBJC_MSGSEND = YES;
				ENABLE_USER_SCRIPT_SANDBOXING = YES;
				GCC_C_LANGUAGE_STANDARD = gnu17;
				GCC_NO_COMMON_BLOCKS = YES;
				GCC_WARN_64_TO_32_BIT_CONVERSION = YES;
				GCC_WARN_ABOUT_RETURN_TYPE = YES_ERROR;
				GCC_WARN_UNDECLARED_SELECTOR = YES;
				GCC_WARN_UNINITIALIZED_AUTOS = YES_AGGRESSIVE;
				GCC_WARN_UNUSED_FUNCTION = YES;
				GCC_WARN_UNUSED_VARIABLE = YES;
				IPHONEOS_DEPLOYMENT_TARGET = 14.0;
				LOCALIZATION_PREFERS_STRING_CATALOGS = YES;
				MTL_ENABLE_DEBUG_INFO = NO;
				MTL_FAST_MATH = YES;
				SDKROOT = iphoneos;
				SWIFT_COMPILATION_MODE = wholemodule;
				VALIDATE_PRODUCT = YES;
			};
			name = Release;
		};
		8C977C612BECB8A800EAD700 /* Debug */ = {
			isa = XCBuildConfiguration;
			buildSettings = {
				ASSETCATALOG_COMPILER_APPICON_NAME = AppIcon;
				ASSETCATALOG_COMPILER_GLOBAL_ACCENT_COLOR_NAME = AccentColor;
				CODE_SIGN_STYLE = Automatic;
				CURRENT_PROJECT_VERSION = 1;
				DEVELOPMENT_ASSET_PATHS = "\"PhotoPickerDemo/Preview Content\"";
				DEVELOPMENT_TEAM = 6WP8T4EX9F;
				ENABLE_PREVIEWS = YES;
				GENERATE_INFOPLIST_FILE = YES;
				INFOPLIST_FILE = PhotoPickerDemo/Info.plist;
				INFOPLIST_KEY_NSPhotoLibraryUsageDescription = "";
				INFOPLIST_KEY_UIApplicationSceneManifest_Generation = YES;
				INFOPLIST_KEY_UIApplicationSupportsIndirectInputEvents = YES;
				INFOPLIST_KEY_UILaunchScreen_Generation = YES;
				INFOPLIST_KEY_UISupportedInterfaceOrientations_iPad = "UIInterfaceOrientationPortrait UIInterfaceOrientationPortraitUpsideDown UIInterfaceOrientationLandscapeLeft UIInterfaceOrientationLandscapeRight";
				INFOPLIST_KEY_UISupportedInterfaceOrientations_iPhone = "UIInterfaceOrientationPortrait UIInterfaceOrientationLandscapeLeft UIInterfaceOrientationLandscapeRight";
				IPHONEOS_DEPLOYMENT_TARGET = 15.0;
				LD_RUNPATH_SEARCH_PATHS = (
					"$(inherited)",
					"@executable_path/Frameworks",
				);
				MARKETING_VERSION = 1.0;
				PRODUCT_BUNDLE_IDENTIFIER = con.hu.PhotoRoomsEx;
				PRODUCT_NAME = "$(TARGET_NAME)";
				SWIFT_EMIT_LOC_STRINGS = YES;
				SWIFT_VERSION = 5.0;
				TARGETED_DEVICE_FAMILY = "1,2";
			};
			name = Debug;
		};
		8C977C622BECB8A800EAD700 /* Release */ = {
			isa = XCBuildConfiguration;
			buildSettings = {
				ASSETCATALOG_COMPILER_APPICON_NAME = AppIcon;
				ASSETCATALOG_COMPILER_GLOBAL_ACCENT_COLOR_NAME = AccentColor;
				CODE_SIGN_STYLE = Automatic;
				CURRENT_PROJECT_VERSION = 1;
				DEVELOPMENT_ASSET_PATHS = "\"PhotoPickerDemo/Preview Content\"";
				DEVELOPMENT_TEAM = 6WP8T4EX9F;
				ENABLE_PREVIEWS = YES;
				GENERATE_INFOPLIST_FILE = YES;
				INFOPLIST_FILE = PhotoPickerDemo/Info.plist;
				INFOPLIST_KEY_NSPhotoLibraryUsageDescription = "";
				INFOPLIST_KEY_UIApplicationSceneManifest_Generation = YES;
				INFOPLIST_KEY_UIApplicationSupportsIndirectInputEvents = YES;
				INFOPLIST_KEY_UILaunchScreen_Generation = YES;
				INFOPLIST_KEY_UISupportedInterfaceOrientations_iPad = "UIInterfaceOrientationPortrait UIInterfaceOrientationPortraitUpsideDown UIInterfaceOrientationLandscapeLeft UIInterfaceOrientationLandscapeRight";
				INFOPLIST_KEY_UISupportedInterfaceOrientations_iPhone = "UIInterfaceOrientationPortrait UIInterfaceOrientationLandscapeLeft UIInterfaceOrientationLandscapeRight";
				IPHONEOS_DEPLOYMENT_TARGET = 15.0;
				LD_RUNPATH_SEARCH_PATHS = (
					"$(inherited)",
					"@executable_path/Frameworks",
				);
				MARKETING_VERSION = 1.0;
				PRODUCT_BUNDLE_IDENTIFIER = con.hu.PhotoRoomsEx;
				PRODUCT_NAME = "$(TARGET_NAME)";
				SWIFT_EMIT_LOC_STRINGS = YES;
				SWIFT_VERSION = 5.0;
				TARGETED_DEVICE_FAMILY = "1,2";
			};
			name = Release;
		};
/* End XCBuildConfiguration section */

/* Begin XCConfigurationList section */
		8C977C4D2BECB8A700EAD700 /* Build configuration list for PBXProject "PhotoPickerDemo" */ = {
			isa = XCConfigurationList;
			buildConfigurations = (
				8C977C5E2BECB8A800EAD700 /* Debug */,
				8C977C5F2BECB8A800EAD700 /* Release */,
			);
			defaultConfigurationIsVisible = 0;
			defaultConfigurationName = Release;
		};
		8C977C602BECB8A800EAD700 /* Build configuration list for PBXNativeTarget "PhotoPickerDemo" */ = {
			isa = XCConfigurationList;
			buildConfigurations = (
				8C977C612BECB8A800EAD700 /* Debug */,
				8C977C622BECB8A800EAD700 /* Release */,
			);
			defaultConfigurationIsVisible = 0;
			defaultConfigurationName = Release;
		};
/* End XCConfigurationList section */

/* Begin XCLocalSwiftPackageReference section */
		8CBE8EA62BF7427300AD8F96 /* XCLocalSwiftPackageReference "../../../photopickerkit" */ = {
			isa = XCLocalSwiftPackageReference;
			relativePath = ../../../photopickerkit;
		};
/* End XCLocalSwiftPackageReference section */

/* Begin XCSwiftPackageProductDependency section */
		8C1D79D92BFCADF20018AB58 /* PhotoPickerKit */ = {
			isa = XCSwiftPackageProductDependency;
			package = 8CBE8EA62BF7427300AD8F96 /* XCLocalSwiftPackageReference "../../../photopickerkit" */;
			productName = PhotoPickerKit;
		};
/* End XCSwiftPackageProductDependency section */
	};
	rootObject = 8C977C4A2BECB8A700EAD700 /* Project object */;
}
